# This file is automatically @generated by Cargo.
# It is not intended for manual editing.
version = 4

[[package]]
name = "algebra"
version = "0.1.0"

[[package]]
name = "backend-c"
version = "0.1.0"

[[package]]
name = "backend-cmajor"
version = "0.1.0"

[[package]]
name = "backend-codebox"
version = "0.1.0"

[[package]]
name = "backend-cpp"
version = "0.1.0"

[[package]]
name = "backend-csharp"
version = "0.1.0"

[[package]]
name = "backend-dlang"
version = "0.1.0"

[[package]]
name = "backend-interp"
version = "0.1.0"

[[package]]
name = "backend-jax"
version = "0.1.0"

[[package]]
name = "backend-jsfx"
version = "0.1.0"

[[package]]
name = "backend-julia"
version = "0.1.0"

[[package]]
name = "backend-llvm"
version = "0.1.0"

[[package]]
name = "backend-rust"
version = "0.1.0"

[[package]]
name = "backend-sdf3"
version = "0.1.0"

[[package]]
name = "backend-vhdl"
version = "0.1.0"

[[package]]
name = "backend-wasm"
version = "0.1.0"

[[package]]
name = "boxes"
version = "0.1.0"

[[package]]
name = "codegen"
version = "0.1.0"

[[package]]
name = "compiler"
version = "0.1.0"
dependencies = [
 "codegen",
 "errors",
 "parser",
]

[[package]]
name = "doc"
version = "0.1.0"

[[package]]
name = "draw"
version = "0.1.0"

[[package]]
name = "errors"
version = "0.1.0"

[[package]]
name = "eval"
version = "0.1.0"

[[package]]
name = "fir"
version = "0.1.0"

[[package]]
name = "graph"
version = "0.1.0"

[[package]]
name = "interval"
version = "0.1.0"

[[package]]
name = "normalize"
version = "0.1.0"

[[package]]
name = "parser"
version = "0.1.0"

[[package]]
name = "propagate"
version = "0.1.0"

[[package]]
name = "signals"
version = "0.1.0"

[[package]]
name = "tlib"
version = "0.1.0"

[[package]]
name = "transform"
version = "0.1.0"

[[package]]
name = "utils"
version = "0.1.0"
